
Microsoft Visual Studio Solution File, Format Version 12.00
# Visual Studio Version 16
VisualStudioVersion = 16.0.32602.291
MinimumVisualStudioVersion = 10.0.40219.1
Project("{FAE04EC0-301F-11D3-BF4B-00C04F79EFBC}") = "P129SignalR", "P129SignalR\P129SignalR.csproj", "{6A6CF651-F28D-4A36-BA47-3B513C8C4EF4}"
EndProject
Global
	GlobalSection(SolutionConfigurationPlatforms) = preSolution
		Debug|Any CPU = Debug|Any CPU
		Release|Any CPU = Release|Any CPU
	EndGlobalSection
	GlobalSection(ProjectConfigurationPlatforms) = postSolution
		{6A6CF651-F28D-4A36-BA47-3B513C8C4EF4}.Debug|Any CPU.ActiveCfg = Debug|Any CPU
		{6A6CF651-F28D-4A36-BA47-3B513C8C4EF4}.Debug|Any CPU.Build.0 = Debug|Any CPU
		{6A6CF651-F28D-4A36-BA47-3B513C8C4EF4}.Release|Any CPU.ActiveCfg = Release|Any CPU
		{6A6CF651-F28D-4A36-BA47-3B513C8C4EF4}.Release|Any CPU.Build.0 = Release|Any CPU
	EndGlobalSection
	GlobalSection(SolutionProperties) = preSolution
		HideSolutionNode = FALSE
	EndGlobalSection
	GlobalSection(ExtensibilityGlobals) = postSolution
		SolutionGuid = {7EEE3418-6D5F-4395-8373-009D37024F9D}
	EndGlobalSection
EndGlobal
